
Microsoft Visual Studio Solution File, Format Version 12.00
# Visual Studio Version 17
VisualStudioVersion = 17.8.34408.163
MinimumVisualStudioVersion = 10.0.40219.1
Project("{FAE04EC0-301F-11D3-BF4B-00C04F79EFBC}") = "HW4_Task1.1", "HW4_Task1.1\HW4_Task1.1.csproj", "{9877141F-75E5-4997-9ACD-58A9CFD12EDD}"
EndProject
Global
	GlobalSection(SolutionConfigurationPlatforms) = preSolution
		Debug|Any CPU = Debug|Any CPU
		Release|Any CPU = Release|Any CPU
	EndGlobalSection
	GlobalSection(ProjectConfigurationPlatforms) = postSolution
		{9877141F-75E5-4997-9ACD-58A9CFD12EDD}.Debug|Any CPU.ActiveCfg = Debug|Any CPU
		{9877141F-75E5-4997-9ACD-58A9CFD12EDD}.Debug|Any CPU.Build.0 = Debug|Any CPU
		{9877141F-75E5-4997-9ACD-58A9CFD12EDD}.Release|Any CPU.ActiveCfg = Release|Any CPU
		{9877141F-75E5-4997-9ACD-58A9CFD12EDD}.Release|Any CPU.Build.0 = Release|Any CPU
	EndGlobalSection
	GlobalSection(SolutionProperties) = preSolution
		HideSolutionNode = FALSE
	EndGlobalSection
	GlobalSection(ExtensibilityGlobals) = postSolution
		SolutionGuid = {DAC48E1F-AF4F-4D6F-BC15-E4D982ACD51F}
	EndGlobalSection
EndGlobal
